{
  "name": "vue-blog",
  "version": "0.0.0",
  "lockfileVersion": 3,
  "requires": true,
  "packages": {
    "": {
      "name": "vue-blog",
      "version": "0.0.0",
      "dependencies": {
        "highlight.js": "^11.9.0",
        "markdown-it": "^14.0.0",
        "vue": "^3.4.0",
        "vue-router": "^4.2.5"
      },
      "devDependencies": {
        "@vitejs/plugin-vue": "^5.0.0",
        "gh-pages": "^6.1.1",
        "sass": "^1.69.5",
        "vite": "^5.0.0"
      }
    }
  }
}